
Microsoft Visual Studio Solution File, Format Version 12.00
# Visual Studio 2012
Project("{FAE04EC0-301F-11D3-BF4B-00C04F79EFBC}") = "WpfApplication1", "WpfApplication1\WpfApplication1.csproj", "{53E7E6AE-473B-444A-BC7C-BC1D24BECE1A}"
EndProject
Global
	GlobalSection(SolutionConfigurationPlatforms) = preSolution
		Debug|Any CPU = Debug|Any CPU
		Release|Any CPU = Release|Any CPU
	EndGlobalSection
	GlobalSection(ProjectConfigurationPlatforms) = postSolution
		{53E7E6AE-473B-444A-BC7C-BC1D24BECE1A}.Debug|Any CPU.ActiveCfg = Debug|Any CPU
		{53E7E6AE-473B-444A-BC7C-BC1D24BECE1A}.Debug|Any CPU.Build.0 = Debug|Any CPU
		{53E7E6AE-473B-444A-BC7C-BC1D24BECE1A}.Release|Any CPU.ActiveCfg = Release|Any CPU
		{53E7E6AE-473B-444A-BC7C-BC1D24BECE1A}.Release|Any CPU.Build.0 = Release|Any CPU
	EndGlobalSection
	GlobalSection(SolutionProperties) = preSolution
		HideSolutionNode = FALSE
	EndGlobalSection
EndGlobal
